github.com/Templarian/MaterialDesign-SVG v7.4.47+incompatible h1:w99yYrLvkTj5A9Dxd8mzNoFQpOBx9aRS03RrrqjzLuw=
github.com/Templarian/MaterialDesign-SVG v7.4.47+incompatible/go.mod h1:SRSiaLOZazGp4UpKPQRm37h4A3cKLHXaybAqaJ7Lfx8=
github.com/W-Floyd/hugo-coder-iconify v0.0.0-20260625150739-e418f9739173 h1:yI30byedYULFcSPKjmLk/CLhb0qNqsufdaX4azcK7x8=
github.com/W-Floyd/hugo-coder-iconify v0.0.0-20260625150739-e418f9739173/go.mod h1:gd/NUQ5dn8znqYhU6iIe5hlxg/ZyreKye16zBkgAxTU=
github.com/W-Floyd/hugo-coder-iconify v0.0.0-20260625161439-d3fc5d125300 h1:7mV3w92Ebe7obvSYoSlR9iBAnvKw+AVAFq+KdomupAM=
github.com/W-Floyd/hugo-coder-iconify v0.0.0-20260625161439-d3fc5d125300/go.mod h1:gd/NUQ5dn8znqYhU6iIe5hlxg/ZyreKye16zBkgAxTU=
github.com/W-Floyd/hugo-coder-iconify v0.0.0-20260625162438-56df9a5df158 h1:AyKZQU2ERFrurB8OU3eHVHM/iIosiD22M0FJz/4Kfpo=
github.com/W-Floyd/hugo-coder-iconify v0.0.0-20260625162438-56df9a5df158/go.mod h1:gd/NUQ5dn8znqYhU6iIe5hlxg/ZyreKye16zBkgAxTU=
github.com/W-Floyd/hugo-coder-iconify v0.0.0-20260625170325-f56f38130740 h1:zvK1xh2QHOkp5m5mv+WN5RvgEfWNqAtqgR3Ab149B9I=
github.com/W-Floyd/hugo-coder-iconify v0.0.0-20260625170325-f56f38130740/go.mod h1:gd/NUQ5dn8znqYhU6iIe5hlxg/ZyreKye16zBkgAxTU=
github.com/W-Floyd/hugo-coder-iconify v0.0.0-20260625170821-f935ffebc5f9 h1:LfwLgS3CerTCNjyOgeRv5AgLu1cErQaegyd6C5xZ9cM=
github.com/W-Floyd/hugo-coder-iconify v0.0.0-20260625170821-f935ffebc5f9/go.mod h1:gd/NUQ5dn8znqYhU6iIe5hlxg/ZyreKye16zBkgAxTU=
github.com/W-Floyd/hugo-coder-iconify v0.0.0-20260626050307-ed998e8bfb1f h1:1alr8hFYwcQwckTFXddTO0JjHdZh/m/w+NLPaJXZANE=
github.com/W-Floyd/hugo-coder-iconify v0.0.0-20260626050307-ed998e8bfb1f/go.mod h1:gd/NUQ5dn8znqYhU6iIe5hlxg/ZyreKye16zBkgAxTU=
github.com/W-Floyd/hugo-coder-iconify v0.0.0-20260626163023-334bad28072d h1:6CkAvRgDhgNY9knKzawYcECq4IU9PaqY4pTaYE4AJAM=
github.com/W-Floyd/hugo-coder-iconify v0.0.0-20260626163023-334bad28072d/go.mod h1:gd/NUQ5dn8znqYhU6iIe5hlxg/ZyreKye16zBkgAxTU=
github.com/W-Floyd/hugo-coder-iconify v0.0.0-20260626210501-94f799b478f0 h1:t+87yIWTcNgb/yBh9KYVgg6Z8HSEblVQqWdZzmavCz8=
github.com/W-Floyd/hugo-coder-iconify v0.0.0-20260626210501-94f799b478f0/go.mod h1:gd/NUQ5dn8znqYhU6iIe5hlxg/ZyreKye16zBkgAxTU=
github.com/hugomods/shortcodes v0.25.1 h1:JQZ/Kw9aOlFVnDiDgXsSqiu8gLFXAM7tQn+TYr8q2bc=
github.com/hugomods/shortcodes v0.25.1/go.mod h1:EnVopbZMNI/HeteM3Lp3phBTCRLvPSe7l142qhRFFPY=
